# This file is autogenerated, do not edit; changes may be undone by the next 'dep ensure'.


[[projects]]
  branch = "master"
  digest = "1:cb4e01d1c8a24e5f3eb7975d1223f37e1ec2b6a7cba06d6a310cc8e993ef1839"
  name = "github.com/btcsuite/btcd"
  packages = [
    "blockchain",
    "btcec",
    "btcjson",
    "chaincfg",
    "chaincfg/chainhash",
    "database",
    "rpcclient",
    "txscript",
    "wire",
  ]
  pruneopts = "UT"
  revision = "67e573d211ace594f1366b4ce9d39726c4b19bd0"

[[projects]]
  branch = "master"
  digest = "1:30d4a548e09bca4a0c77317c58e7407e2a65c15325e944f9c08a7b7992f8a59e"
  name = "github.com/btcsuite/btclog"
  packages = ["."]
  pruneopts = "UT"
  revision = "84c8d2346e9fc8c7b947e243b9c24e6df9fd206a"

[[projects]]
  branch = "master"
  digest = "1:5be1c66caeb03381e4e7322eddfc0b06b26991ddba3ad39e009ccf67c20dfb18"
  name = "github.com/btcsuite/btcutil"
  packages = [
    ".",
    "base58",
    "bech32",
    "hdkeychain",
  ]
  pruneopts = "UT"
  revision = "ab6388e0c60ae4834a1f57511e20c17b5f78be4b"

[[projects]]
  branch = "master"
  digest = "1:83aa3de05caeb9faec1b32476a35418897a023543036eadb0bfc48db64664eb0"
  name = "github.com/btcsuite/btcwallet"
  packages = [
    "internal/zero",
    "snacl",
    "waddrmgr",
    "walletdb",
    "walletdb/bdb",
    "wtxmgr",
  ]
  pruneopts = "UT"
  revision = "c4dd27e481f9801866cf5226bfe532084772ec2a"

[[projects]]
  branch = "master"
  digest = "1:1e6b2f7aa98b082c30a1303c29a702c369b2ec6d86b74a599bc8bbe2333db299"
  name = "github.com/btcsuite/go-socks"
  packages = ["socks"]
  pruneopts = "UT"
  revision = "4720035b7bfd2a9bb130b1c184f8bbe41b6f0d0f"

[[projects]]
  branch = "master"
  digest = "1:064d2cebe444ff7907a912c3ee249c70ae7859fd0fb03c25a0240cbcce2adb4c"
  name = "github.com/btcsuite/golangcrypto"
  packages = [
    "nacl/secretbox",
    "pbkdf2",
    "poly1305",
    "salsa20/salsa",
    "scrypt",
  ]
  pruneopts = "UT"
  revision = "53f62d9b43e87a6c56975cf862af7edf33a8d0df"

[[projects]]
  branch = "master"
  digest = "1:0b2242fd2f4f51fb491e97e204464f75da680897a0db10ec7554c87b71b5afc3"
  name = "github.com/btcsuite/websocket"
  packages = ["."]
  pruneopts = "UT"
  revision = "31079b6807923eb23992c421b114992b95131b55"

[[projects]]
  digest = "1:c28625428387b63dd7154eb857f51e700465cfbf7c06f619e71f2da33cefe47e"
  name = "github.com/coreos/bbolt"
  packages = ["."]
  pruneopts = "UT"
  revision = "583e8937c61f1af6513608ccc75c97b6abdf4ff9"
  version = "v1.3.0"

[[projects]]
  digest = "1:ffe9824d294da03b391f44e1ae8281281b4afc1bdaa9588c9097785e3af10cec"
  name = "github.com/davecgh/go-spew"
  packages = ["spew"]
  pruneopts = "UT"
  revision = "8991bc29aa16c548c550c7ff78260e27b9ab7c73"
  version = "v1.1.1"

[[projects]]
  digest = "1:0028cb19b2e4c3112225cd871870f2d9cf49b9b4276531f03438a88e94be86fe"
  name = "github.com/pmezard/go-difflib"
  packages = ["difflib"]
  pruneopts = "UT"
  revision = "792786c7400a136282c1664665ae0a8db921c6c2"
  version = "v1.0.0"

[[projects]]
  digest = "1:18752d0b95816a1b777505a97f71c7467a8445b8ffb55631a7bf779f6ba4fa83"
  name = "github.com/stretchr/testify"
  packages = ["assert"]
  pruneopts = "UT"
  revision = "f35b8ab0b5a2cef36673838d662e249dd9c94686"
  version = "v1.2.2"

[[projects]]
  branch = "master"
  digest = "1:b69153653dbbbd9b2be2be289dfb94014284c00bb92e73b800f8f8c239c1ca80"
  name = "golang.org/x/crypto"
  packages = ["ripemd160"]
  pruneopts = "UT"
  revision = "45a5f77698d342a8c2ef8423abdf0ba6880b008a"

[[projects]]
  branch = "master"
  digest = "1:f22e437d9328275884d0ae018ed0de4c280871c944a5ab332aa37fd71fb5801b"
  name = "golang.org/x/sys"
  packages = ["unix"]
  pruneopts = "UT"
  revision = "95b1ffbd15a57cc5abb3f04402b9e8ec0016a52c"

[solve-meta]
  analyzer-name = "dep"
  analyzer-version = 1
  input-imports = [
    "github.com/btcsuite/btcd/btcec",
    "github.com/btcsuite/btcd/btcjson",
    "github.com/btcsuite/btcd/chaincfg",
    "github.com/btcsuite/btcd/chaincfg/chainhash",
    "github.com/btcsuite/btcd/rpcclient",
    "github.com/btcsuite/btcd/txscript",
    "github.com/btcsuite/btcd/wire",
    "github.com/btcsuite/btcutil",
    "github.com/btcsuite/btcutil/hdkeychain",
    "github.com/btcsuite/btcwallet/waddrmgr",
    "github.com/btcsuite/btcwallet/walletdb",
    "github.com/btcsuite/btcwallet/walletdb/bdb",
    "github.com/btcsuite/btcwallet/wtxmgr",
    "github.com/stretchr/testify/assert",
  ]
  solver-name = "gps-cdcl"
  solver-version = 1
